
Microsoft Visual Studio Solution File, Format Version 12.00
# Visual Studio Version 17
VisualStudioVersion = 17.7.34202.233
MinimumVisualStudioVersion = 10.0.40219.1
Project("{FAE04EC0-301F-11D3-BF4B-00C04F79EFBC}") = "GraphBuilder", "GraphBuilder\GraphBuilder.csproj", "{38669C18-BE53-4127-95A4-3861A8ECD0C1}"
EndProject
Global
	GlobalSection(SolutionConfigurationPlatforms) = preSolution
		Debug|Any CPU = Debug|Any CPU
		Release|Any CPU = Release|Any CPU
	EndGlobalSection
	GlobalSection(ProjectConfigurationPlatforms) = postSolution
		{38669C18-BE53-4127-95A4-3861A8ECD0C1}.Debug|Any CPU.ActiveCfg = Debug|Any CPU
		{38669C18-BE53-4127-95A4-3861A8ECD0C1}.Debug|Any CPU.Build.0 = Debug|Any CPU
		{38669C18-BE53-4127-95A4-3861A8ECD0C1}.Release|Any CPU.ActiveCfg = Release|Any CPU
		{38669C18-BE53-4127-95A4-3861A8ECD0C1}.Release|Any CPU.Build.0 = Release|Any CPU
	EndGlobalSection
	GlobalSection(SolutionProperties) = preSolution
		HideSolutionNode = FALSE
	EndGlobalSection
	GlobalSection(ExtensibilityGlobals) = postSolution
		SolutionGuid = {C6B41CE1-95DA-43C2-B904-4E2ED78FEB1A}
	EndGlobalSection
EndGlobal
